
Microsoft Visual Studio Solution File, Format Version 12.00
# Visual Studio 15
VisualStudioVersion = 15.0.27703.2026
MinimumVisualStudioVersion = 10.0.40219.1
Project("{9A19103F-16F7-4668-BE54-9A1E7A4F7556}") = "BuildingMonitor", "BuildingMonitor\BuildingMonitor.csproj", "{1AB0FF9D-01F4-42D8-B1CB-D29E18E69A7B}"
EndProject
Project("{9A19103F-16F7-4668-BE54-9A1E7A4F7556}") = "BuildingMonitorTests", "BuildingMonitorTests\BuildingMonitorTests.csproj", "{7E7E75A0-7C56-4750-8EDA-8F551326476F}"
EndProject
Project("{FAE04EC0-301F-11D3-BF4B-00C04F79EFBC}") = "BuildingMonitor.ConsoleHost", "BuildingMonitor.ConsoleHost\BuildingMonitor.ConsoleHost.csproj", "{E8A9C5C7-ADFE-47BE-A9D4-7034C2F9A7CC}"
EndProject
Global
	GlobalSection(SolutionConfigurationPlatforms) = preSolution
		Debug|Any CPU = Debug|Any CPU
		Release|Any CPU = Release|Any CPU
	EndGlobalSection
	GlobalSection(ProjectConfigurationPlatforms) = postSolution
		{1AB0FF9D-01F4-42D8-B1CB-D29E18E69A7B}.Debug|Any CPU.ActiveCfg = Debug|Any CPU
		{1AB0FF9D-01F4-42D8-B1CB-D29E18E69A7B}.Debug|Any CPU.Build.0 = Debug|Any CPU
		{1AB0FF9D-01F4-42D8-B1CB-D29E18E69A7B}.Release|Any CPU.ActiveCfg = Release|Any CPU
		{1AB0FF9D-01F4-42D8-B1CB-D29E18E69A7B}.Release|Any CPU.Build.0 = Release|Any CPU
		{7E7E75A0-7C56-4750-8EDA-8F551326476F}.Debug|Any CPU.ActiveCfg = Debug|Any CPU
		{7E7E75A0-7C56-4750-8EDA-8F551326476F}.Debug|Any CPU.Build.0 = Debug|Any CPU
		{7E7E75A0-7C56-4750-8EDA-8F551326476F}.Release|Any CPU.ActiveCfg = Release|Any CPU
		{7E7E75A0-7C56-4750-8EDA-8F551326476F}.Release|Any CPU.Build.0 = Release|Any CPU
		{E8A9C5C7-ADFE-47BE-A9D4-7034C2F9A7CC}.Debug|Any CPU.ActiveCfg = Debug|Any CPU
		{E8A9C5C7-ADFE-47BE-A9D4-7034C2F9A7CC}.Debug|Any CPU.Build.0 = Debug|Any CPU
		{E8A9C5C7-ADFE-47BE-A9D4-7034C2F9A7CC}.Release|Any CPU.ActiveCfg = Release|Any CPU
		{E8A9C5C7-ADFE-47BE-A9D4-7034C2F9A7CC}.Release|Any CPU.Build.0 = Release|Any CPU
	EndGlobalSection
	GlobalSection(SolutionProperties) = preSolution
		HideSolutionNode = FALSE
	EndGlobalSection
	GlobalSection(ExtensibilityGlobals) = postSolution
		SolutionGuid = {3CDA5778-92B9-4EF0-AB26-A96527B968ED}
	EndGlobalSection
EndGlobal
